
Microsoft Visual Studio Solution File, Format Version 12.00
# Visual Studio Version 17
VisualStudioVersion = 17.8.34330.188
MinimumVisualStudioVersion = 10.0.40219.1
Project("{FAE04EC0-301F-11D3-BF4B-00C04F79EFBC}") = "RingoMediaApplication", "RingoMediaApplication\RingoMediaApplication.csproj", "{3BE9ED31-AA6A-48FA-8001-9373584A0AE7}"
EndProject
Global
	GlobalSection(SolutionConfigurationPlatforms) = preSolution
		Debug|Any CPU = Debug|Any CPU
		Release|Any CPU = Release|Any CPU
	EndGlobalSection
	GlobalSection(ProjectConfigurationPlatforms) = postSolution
		{3BE9ED31-AA6A-48FA-8001-9373584A0AE7}.Debug|Any CPU.ActiveCfg = Debug|Any CPU
		{3BE9ED31-AA6A-48FA-8001-9373584A0AE7}.Debug|Any CPU.Build.0 = Debug|Any CPU
		{3BE9ED31-AA6A-48FA-8001-9373584A0AE7}.Release|Any CPU.ActiveCfg = Release|Any CPU
		{3BE9ED31-AA6A-48FA-8001-9373584A0AE7}.Release|Any CPU.Build.0 = Release|Any CPU
	EndGlobalSection
	GlobalSection(SolutionProperties) = preSolution
		HideSolutionNode = FALSE
	EndGlobalSection
	GlobalSection(ExtensibilityGlobals) = postSolution
		SolutionGuid = {250F119C-1F00-43BA-B5D3-E7511AF93FF6}
	EndGlobalSection
EndGlobal
